
Microsoft Visual Studio Solution File, Format Version 12.00
# Visual Studio Version 17
VisualStudioVersion = 17.4.33103.184
MinimumVisualStudioVersion = 10.0.40219.1
Project("{FAE04EC0-301F-11D3-BF4B-00C04F79EFBC}") = "XcExample.Api.Sometext", "XcExample.Api.Sometext\XcExample.Api.Sometext.csproj", "{86BF5A0C-8F5D-49A0-B3FD-700698EFA49C}"
EndProject
Project("{2150E333-8FDC-42A3-9474-1A3956D46DE8}") = "Solution Items", "Solution Items", "{20750C4F-8135-4E2C-8218-203425D176D5}"
	ProjectSection(SolutionItems) = preProject
		.editorconfig = .editorconfig
	EndProjectSection
EndProject
Global
	GlobalSection(SolutionConfigurationPlatforms) = preSolution
		Debug|Any CPU = Debug|Any CPU
		Release|Any CPU = Release|Any CPU
	EndGlobalSection
	GlobalSection(ProjectConfigurationPlatforms) = postSolution
		{86BF5A0C-8F5D-49A0-B3FD-700698EFA49C}.Debug|Any CPU.ActiveCfg = Debug|Any CPU
		{86BF5A0C-8F5D-49A0-B3FD-700698EFA49C}.Debug|Any CPU.Build.0 = Debug|Any CPU
		{86BF5A0C-8F5D-49A0-B3FD-700698EFA49C}.Release|Any CPU.ActiveCfg = Release|Any CPU
		{86BF5A0C-8F5D-49A0-B3FD-700698EFA49C}.Release|Any CPU.Build.0 = Release|Any CPU
	EndGlobalSection
	GlobalSection(SolutionProperties) = preSolution
		HideSolutionNode = FALSE
	EndGlobalSection
	GlobalSection(ExtensibilityGlobals) = postSolution
		SolutionGuid = {18D34B5F-1C9F-4A35-9B84-8F6C5D9C068B}
	EndGlobalSection
EndGlobal
